
Microsoft Visual Studio Solution File, Format Version 12.00
# Visual Studio 14
VisualStudioVersion = 14.0.25420.1
MinimumVisualStudioVersion = 10.0.40219.1
Project("{FAE04EC0-301F-11D3-BF4B-00C04F79EFBC}") = "AssetManagement.Web", "AssetManagement.Web\AssetManagement.Web.csproj", "{15DE9CBD-9D1C-44E3-9FCD-D254C39AD804}"
EndProject
Project("{FAE04EC0-301F-11D3-BF4B-00C04F79EFBC}") = "AssetManagement.Common", "AssetManagement.Common\AssetManagement.Common.csproj", "{8C165925-7EAB-4EAF-B366-0EDE80477CEE}"
EndProject
Project("{FAE04EC0-301F-11D3-BF4B-00C04F79EFBC}") = "AssetManagement.WebJob", "AssetManagement.WebJob\AssetManagement.WebJob.csproj", "{A58ECB08-C956-4BDA-882B-A1D4F55F845F}"
EndProject
Global
	GlobalSection(SolutionConfigurationPlatforms) = preSolution
		Debug|Any CPU = Debug|Any CPU
		Release|Any CPU = Release|Any CPU
	EndGlobalSection
	GlobalSection(ProjectConfigurationPlatforms) = postSolution
		{15DE9CBD-9D1C-44E3-9FCD-D254C39AD804}.Debug|Any CPU.ActiveCfg = Debug|Any CPU
		{15DE9CBD-9D1C-44E3-9FCD-D254C39AD804}.Debug|Any CPU.Build.0 = Debug|Any CPU
		{15DE9CBD-9D1C-44E3-9FCD-D254C39AD804}.Release|Any CPU.ActiveCfg = Release|Any CPU
		{15DE9CBD-9D1C-44E3-9FCD-D254C39AD804}.Release|Any CPU.Build.0 = Release|Any CPU
		{8C165925-7EAB-4EAF-B366-0EDE80477CEE}.Debug|Any CPU.ActiveCfg = Debug|Any CPU
		{8C165925-7EAB-4EAF-B366-0EDE80477CEE}.Debug|Any CPU.Build.0 = Debug|Any CPU
		{8C165925-7EAB-4EAF-B366-0EDE80477CEE}.Release|Any CPU.ActiveCfg = Release|Any CPU
		{8C165925-7EAB-4EAF-B366-0EDE80477CEE}.Release|Any CPU.Build.0 = Release|Any CPU
		{A58ECB08-C956-4BDA-882B-A1D4F55F845F}.Debug|Any CPU.ActiveCfg = Debug|Any CPU
		{A58ECB08-C956-4BDA-882B-A1D4F55F845F}.Debug|Any CPU.Build.0 = Debug|Any CPU
		{A58ECB08-C956-4BDA-882B-A1D4F55F845F}.Release|Any CPU.ActiveCfg = Release|Any CPU
		{A58ECB08-C956-4BDA-882B-A1D4F55F845F}.Release|Any CPU.Build.0 = Release|Any CPU
	EndGlobalSection
	GlobalSection(SolutionProperties) = preSolution
		HideSolutionNode = FALSE
	EndGlobalSection
EndGlobal
